<?xml version="1.0" encoding="utf-8"?>
<Project ToolsVersion="4.0" xmlns="http://schemas.microsoft.com/developer/msbuild/2003">
  <ItemGroup>
    <Filter Include="Source Files">
      <UniqueIdentifier>{4FC737F1-C7A5-4376-A066-2A32D752A2FF}</UniqueIdentifier>
      <Extensions>cpp;c;cc;cxx;def;odl;idl;hpj;bat;asm;asmx</Extensions>
    </Filter>
    <Filter Include="Header Files">
      <UniqueIdentifier>{93995380-89BD-4b04-88EB-625FBE52EBFB}</UniqueIdentifier>
      <Extensions>h;hh;hpp;hxx;hm;inl;inc;xsd</Extensions>
    </Filter>
    <Filter Include="Resource Files">
      <UniqueIdentifier>{67DA6AB6-F800-4c08-8B7A-83BB121AAD01}</UniqueIdentifier>
      <Extensions>rc;ico;cur;bmp;dlg;rc2;rct;bin;rgs;gif;jpg;jpeg;jpe;resx;tiff;tif;png;wav</Extensions>
    </Filter>
    <Filter Include="Source Files\imgui">
      <UniqueIdentifier>{b4909501-0f38-447c-b625-eeaecde49141}</UniqueIdentifier>
    </Filter>
    <Filter Include="Header Files\imgui">
      <UniqueIdentifier>{39a234f1-dd50-4377-a5a1-46eeebc61b9a}</UniqueIdentifier>
    </Filter>
    <Filter Include="Header Files\glfw3">
      <UniqueIdentifier>{ede22f3b-6d19-4a94-a7f5-d59e84660625}</UniqueIdentifier>
    </Filter>
    <Filter Include="Source Files\window">
      <UniqueIdentifier>{9907a616-939e-46ff-ab4c-2a1aafcda4ce}</UniqueIdentifier>
    </Filter>
    <Filter Include="Header Files\rendering">
      <UniqueIdentifier>{0b66e4e7-46d1-410e-8f81-0c5f27602b26}</UniqueIdentifier>
    </Filter>
    <Filter Include="Header Files\window">
      <UniqueIdentifier>{07ddd891-d240-4a97-adc0-9b00fcb1a571}</UniqueIdentifier>
    </Filter>
    <Filter Include="Source Files\widgets">
      <UniqueIdentifier>{207c19c2-1cec-4bc7-a7cc-918326229b93}</UniqueIdentifier>
    </Filter>
    <Filter Include="Header Files\widgets">
      <UniqueIdentifier>{1aa94067-f8af-474d-8903-18bd0fabb53a}</UniqueIdentifier>
    </Filter>
    <Filter Include="Shaders">
      <UniqueIdentifier>{d48657ca-bfb4-48ea-9fd7-adc62835fb37}</UniqueIdentifier>
    </Filter>
    <Filter Include="Source Files\io">
      <UniqueIdentifier>{51e31074-6e14-4e69-aaea-ee5ffaa89b3c}</UniqueIdentifier>
    </Filter>
    <Filter Include="Header Files\io">
      <UniqueIdentifier>{ebb6db3f-8a04-4013-8a60-23188d01c1bf}</UniqueIdentifier>
    </Filter>
    <Filter Include="Header Files\graphics">
      <UniqueIdentifier>{003155fd-d7f8-42a1-b21c-44858bb7c7e4}</UniqueIdentifier>
    </Filter>
    <Filter Include="Source Files\graphics">
      <UniqueIdentifier>{2afa1e3d-a873-4f27-b537-d279435ec8a9}</UniqueIdentifier>
    </Filter>
    <Filter Include="Source Files\graphics\examples">
      <UniqueIdentifier>{622d8c67-294c-461d-a7e8-7fbc633784ce}</UniqueIdentifier>
    </Filter>
  </ItemGroup>
  <ItemGroup>
    <ClCompile Include="main.cpp">
      <Filter>Source Files</Filter>
    </ClCompile>
    <ClCompile Include="libs\imgui\imgui.cpp">
      <Filter>Source Files\imgui</Filter>
    </ClCompile>
    <ClCompile Include="libs\imgui\imgui_demo.cpp">
      <Filter>Source Files\imgui</Filter>
    </ClCompile>
    <ClCompile Include="libs\imgui\imgui_draw.cpp">
      <Filter>Source Files\imgui</Filter>
    </ClCompile>
    <ClCompile Include="backends\imgui_impl_glfw.cpp">
      <Filter>Source Files\imgui</Filter>
    </ClCompile>
    <ClCompile Include="backends\imgui_impl_opengl3.cpp">
      <Filter>Source Files\imgui</Filter>
    </ClCompile>
    <ClCompile Include="libs\imgui\imgui_tables.cpp">
      <Filter>Source Files\imgui</Filter>
    </ClCompile>
    <ClCompile Include="libs\imgui\imgui_widgets.cpp">
      <Filter>Source Files\imgui</Filter>
    </ClCompile>
    <ClCompile Include="src\blending.cpp">
      <Filter>Source Files\io</Filter>
    </ClCompile>
    <ClCompile Include="src\glad.c">
      <Filter>Source Files</Filter>
    </ClCompile>
    <ClCompile Include="src\Widgets\image_compositor.cpp">
      <Filter>Source Files\widgets</Filter>
    </ClCompile>
    <ClCompile Include="src\main_window.cpp">
      <Filter>Source Files\window</Filter>
    </ClCompile>
    <ClCompile Include="src\io\file_io.cpp">
      <Filter>Source Files\io</Filter>
    </ClCompile>
    <ClCompile Include="src\Widgets\settings_menu.cpp">
      <Filter>Source Files\widgets</Filter>
    </ClCompile>
    <ClCompile Include="src\graphics\shaders.cpp">
      <Filter>Source Files\graphics</Filter>
    </ClCompile>
  </ItemGroup>
  <ItemGroup>
    <ClInclude Include="src\stb_image.h">
      <Filter>Header Files</Filter>
    </ClInclude>
    <ClInclude Include="src\stb_image_write.h">
      <Filter>Header Files</Filter>
    </ClInclude>
    <ClInclude Include="include\glad\glad.h">
      <Filter>Header Files</Filter>
    </ClInclude>
    <ClInclude Include="include\KHR\khrplatform.h">
      <Filter>Header Files</Filter>
    </ClInclude>
    <ClInclude Include="src\defs.h">
      <Filter>Header Files\rendering</Filter>
    </ClInclude>
    <ClInclude Include="src\imfilebrowser.h">
      <Filter>Header Files\imgui</Filter>
    </ClInclude>
    <ClInclude Include="libs\imgui\include\imgui.h">
      <Filter>Header Files\imgui</Filter>
    </ClInclude>
    <ClInclude Include="backends\imgui_impl_allegro5.h">
      <Filter>Header Files\imgui</Filter>
    </ClInclude>
    <ClInclude Include="backends\imgui_impl_android.h">
      <Filter>Header Files\imgui</Filter>
    </ClInclude>
    <ClInclude Include="backends\imgui_impl_dx9.h">
      <Filter>Header Files\imgui</Filter>
    </ClInclude>
    <ClInclude Include="backends\imgui_impl_dx10.h">
      <Filter>Header Files\imgui</Filter>
    </ClInclude>
    <ClInclude Include="backends\imgui_impl_dx11.h">
      <Filter>Header Files\imgui</Filter>
    </ClInclude>
    <ClInclude Include="backends\imgui_impl_dx12.h">
      <Filter>Header Files\imgui</Filter>
    </ClInclude>
    <ClInclude Include="backends\imgui_impl_glfw.h">
      <Filter>Header Files\imgui</Filter>
    </ClInclude>
    <ClInclude Include="backends\imgui_impl_glut.h">
      <Filter>Header Files\imgui</Filter>
    </ClInclude>
    <ClInclude Include="backends\imgui_impl_metal.h">
      <Filter>Header Files\imgui</Filter>
    </ClInclude>
    <ClInclude Include="backends\imgui_impl_opengl2.h">
      <Filter>Header Files\imgui</Filter>
    </ClInclude>
    <ClInclude Include="backends\imgui_impl_opengl3.h">
      <Filter>Header Files\imgui</Filter>
    </ClInclude>
    <ClInclude Include="backends\imgui_impl_opengl3_loader.h">
      <Filter>Header Files\imgui</Filter>
    </ClInclude>
    <ClInclude Include="backends\imgui_impl_osx.h">
      <Filter>Header Files\imgui</Filter>
    </ClInclude>
    <ClInclude Include="backends\imgui_impl_sdl2.h">
      <Filter>Header Files\imgui</Filter>
    </ClInclude>
    <ClInclude Include="backends\imgui_impl_sdl3.h">
      <Filter>Header Files\imgui</Filter>
    </ClInclude>
    <ClInclude Include="backends\imgui_impl_sdlrenderer2.h">
      <Filter>Header Files\imgui</Filter>
    </ClInclude>
    <ClInclude Include="backends\imgui_impl_sdlrenderer3.h">
      <Filter>Header Files\imgui</Filter>
    </ClInclude>
    <ClInclude Include="backends\imgui_impl_vulkan.h">
      <Filter>Header Files\imgui</Filter>
    </ClInclude>
    <ClInclude Include="backends\imgui_impl_wgpu.h">
      <Filter>Header Files\imgui</Filter>
    </ClInclude>
    <ClInclude Include="backends\imgui_impl_win32.h">
      <Filter>Header Files\imgui</Filter>
    </ClInclude>
    <ClInclude Include="libs\imgui\include\imgui_internal.h">
      <Filter>Header Files\imgui</Filter>
    </ClInclude>
    <ClInclude Include="libs\glfw\include\glfw\glfw3.h">
      <Filter>Header Files\glfw3</Filter>
    </ClInclude>
    <ClInclude Include="libs\glfw\include_3\glfw\glfw3.h">
      <Filter>Header Files\glfw3</Filter>
    </ClInclude>
    <ClInclude Include="libs\glfw\include\glfw\glfw3native.h">
      <Filter>Header Files\glfw3</Filter>
    </ClInclude>
    <ClInclude Include="libs\glfw\include_3\glfw\glfw3native.h">
      <Filter>Header Files\glfw3</Filter>
    </ClInclude>
    <ClInclude Include="libs\imgui\include\imstb_rectpack.h">
      <Filter>Header Files\imgui</Filter>
    </ClInclude>
    <ClInclude Include="libs\imgui\include\imstb_textedit.h">
      <Filter>Header Files\imgui</Filter>
    </ClInclude>
    <ClInclude Include="libs\imgui\include\imstb_truetype.h">
      <Filter>Header Files\imgui</Filter>
    </ClInclude>
    <ClInclude Include="libs\imgui\include\imconfig.h">
      <Filter>Header Files\imgui</Filter>
    </ClInclude>
    <ClInclude Include="include\settings.h">
      <Filter>Header Files\rendering</Filter>
    </ClInclude>
    <ClInclude Include="include\widgets\base_widget.h">
      <Filter>Header Files\widgets</Filter>
    </ClInclude>
    <ClInclude Include="include\widgets\image_compositor.h">
      <Filter>Header Files\widgets</Filter>
    </ClInclude>
    <ClInclude Include="include\main_window.h">
      <Filter>Header Files\window</Filter>
    </ClInclude>
    <ClInclude Include="include\io\file_io.h">
      <Filter>Header Files\io</Filter>
    </ClInclude>
    <ClInclude Include="include\widgets\settings_menu.h">
      <Filter>Header Files\widgets</Filter>
    </ClInclude>
    <ClInclude Include="include\superglue.h">
      <Filter>Header Files</Filter>
    </ClInclude>
    <ClInclude Include="include\graphics\shaders.h">
      <Filter>Header Files\graphics</Filter>
    </ClInclude>
    <ClInclude Include="include\graphics\render_target.h">
      <Filter>Header Files\graphics</Filter>
    </ClInclude>
    <ClInclude Include="src\graphics\examples\texured_rectangle.h">
      <Filter>Source Files\graphics\examples</Filter>
    </ClInclude>
    <ClInclude Include="src\graphics\examples\awesome_rectangle.h">
      <Filter>Header Files</Filter>
    </ClInclude>
    <ClInclude Include="include\graphics\awesome_gl.h">
      <Filter>Header Files</Filter>
    </ClInclude>
  </ItemGroup>
  <ItemGroup>
    <None Include="libs\emscripten\shell_minimal.html" />
    <None Include="shaders\vertex.glsl">
      <Filter>Shaders</Filter>
    </None>
    <None Include="shaders\frag.glsl">
      <Filter>Shaders</Filter>
    </None>
    <None Include="shaders\awesome_rectangle\frag_aws_rect.glsl" />
    <None Include="shaders\awesome_rectangle\vertex_aws_rect.glsl" />
    <None Include="shaders\textured_rectangle\vertex_tex_rect.glsl" />
    <None Include="shaders\textured_rectangle\frag_tex_rect.glsl" />
  </ItemGroup>
  <ItemGroup>
    <Font Include="fonts\JetBrainsMono-Regular.ttf">
      <Filter>Resource Files</Filter>
    </Font>
  </ItemGroup>
</Project>