
Microsoft Visual Studio Solution File, Format Version 12.00
# Visual Studio Version 17
VisualStudioVersion = 17.10.35027.167
MinimumVisualStudioVersion = 10.0.40219.1
Project("{8BC9CEB8-8B4A-11D0-8D11-00A0C91BC942}") = "OpenGl", "OpenGl.vcxproj", "{14221862-D755-47B8-9C8E-F4E6716B21A3}"
EndProject
Global
	GlobalSection(SolutionConfigurationPlatforms) = preSolution
		Debug|x64 = Debug|x64
		Debug|x86 = Debug|x86
		Release|x64 = Release|x64
		Release|x86 = Release|x86
	EndGlobalSection
	GlobalSection(ProjectConfigurationPlatforms) = postSolution
		{14221862-D755-47B8-9C8E-F4E6716B21A3}.Debug|x64.ActiveCfg = Debug|x64
		{14221862-D755-47B8-9C8E-F4E6716B21A3}.Debug|x64.Build.0 = Debug|x64
		{14221862-D755-47B8-9C8E-F4E6716B21A3}.Debug|x86.ActiveCfg = Debug|Win32
		{14221862-D755-47B8-9C8E-F4E6716B21A3}.Debug|x86.Build.0 = Debug|Win32
		{14221862-D755-47B8-9C8E-F4E6716B21A3}.Release|x64.ActiveCfg = Release|x64
		{14221862-D755-47B8-9C8E-F4E6716B21A3}.Release|x64.Build.0 = Release|x64
		{14221862-D755-47B8-9C8E-F4E6716B21A3}.Release|x86.ActiveCfg = Release|Win32
		{14221862-D755-47B8-9C8E-F4E6716B21A3}.Release|x86.Build.0 = Release|Win32
	EndGlobalSection
	GlobalSection(SolutionProperties) = preSolution
		HideSolutionNode = FALSE
	EndGlobalSection
	GlobalSection(ExtensibilityGlobals) = postSolution
		SolutionGuid = {EAFAEABE-B550-4540-A69F-2FEDEA33D95E}
	EndGlobalSection
EndGlobal
